
Microsoft Visual Studio Solution File, Format Version 12.00
# Visual Studio Version 16
VisualStudioVersion = 16.0.28803.352
MinimumVisualStudioVersion = 10.0.40219.1
Project("{FAE04EC0-301F-11D3-BF4B-00C04F79EFBC}") = "UserManagementSystem", "UserManagementSystem.csproj", "{8968A3F9-D4C0-4C37-8765-5E46E1584A2D}"
EndProject
Global
	GlobalSection(SolutionConfigurationPlatforms) = preSolution
		Debug|Any CPU = Debug|Any CPU
		Release|Any CPU = Release|Any CPU
	EndGlobalSection
	GlobalSection(ProjectConfigurationPlatforms) = postSolution
		{8968A3F9-D4C0-4C37-8765-5E46E1584A2D}.Debug|Any CPU.ActiveCfg = Debug|Any CPU
		{8968A3F9-D4C0-4C37-8765-5E46E1584A2D}.Debug|Any CPU.Build.0 = Debug|Any CPU
		{8968A3F9-D4C0-4C37-8765-5E46E1584A2D}.Release|Any CPU.ActiveCfg = Release|Any CPU
		{8968A3F9-D4C0-4C37-8765-5E46E1584A2D}.Release|Any CPU.Build.0 = Release|Any CPU
	EndGlobalSection
	GlobalSection(SolutionProperties) = preSolution
		HideSolutionNode = FALSE
	EndGlobalSection
	GlobalSection(ExtensibilityGlobals) = postSolution
		SolutionGuid = {777DD829-5EFA-460B-BAB8-6006FF9BA70A}
	EndGlobalSection
EndGlobal
